
Microsoft Visual Studio Solution File, Format Version 12.00
# Visual Studio Version 17
VisualStudioVersion = 17.8.34511.84
MinimumVisualStudioVersion = 10.0.40219.1
Project("{9A19103F-16F7-4668-BE54-9A1E7A4F7556}") = "NganHangDe-Backend", "NganHangDe-Backend\NganHangDe-Backend.csproj", "{399B683B-9828-4838-8C87-15667F47CB90}"
EndProject
Project("{FAE04EC0-301F-11D3-BF4B-00C04F79EFBC}") = "NganHangDe-Backend.test", "NganHangDe-Backend.test\NganHangDe-Backend.test.csproj", "{D0D081C0-338A-4B59-951C-4F8FA7C475F7}"
EndProject
Global
	GlobalSection(SolutionConfigurationPlatforms) = preSolution
		Debug|Any CPU = Debug|Any CPU
		Release|Any CPU = Release|Any CPU
	EndGlobalSection
	GlobalSection(ProjectConfigurationPlatforms) = postSolution
		{399B683B-9828-4838-8C87-15667F47CB90}.Debug|Any CPU.ActiveCfg = Debug|Any CPU
		{399B683B-9828-4838-8C87-15667F47CB90}.Debug|Any CPU.Build.0 = Debug|Any CPU
		{399B683B-9828-4838-8C87-15667F47CB90}.Release|Any CPU.ActiveCfg = Release|Any CPU
		{399B683B-9828-4838-8C87-15667F47CB90}.Release|Any CPU.Build.0 = Release|Any CPU
		{D0D081C0-338A-4B59-951C-4F8FA7C475F7}.Debug|Any CPU.ActiveCfg = Debug|Any CPU
		{D0D081C0-338A-4B59-951C-4F8FA7C475F7}.Debug|Any CPU.Build.0 = Debug|Any CPU
		{D0D081C0-338A-4B59-951C-4F8FA7C475F7}.Release|Any CPU.ActiveCfg = Release|Any CPU
		{D0D081C0-338A-4B59-951C-4F8FA7C475F7}.Release|Any CPU.Build.0 = Release|Any CPU
	EndGlobalSection
	GlobalSection(SolutionProperties) = preSolution
		HideSolutionNode = FALSE
	EndGlobalSection
	GlobalSection(ExtensibilityGlobals) = postSolution
		SolutionGuid = {629369B3-6134-4038-AE6F-36276F71B9C4}
	EndGlobalSection
EndGlobal
